
Microsoft Visual Studio Solution File, Format Version 12.00
# Visual Studio Version 16
VisualStudioVersion = 16.0.29519.181
MinimumVisualStudioVersion = 10.0.40219.1
Project("{FAE04EC0-301F-11D3-BF4B-00C04F79EFBC}") = "Nordware.AddOn.MercadoDoAlarme.Core", "Nordware.AddOn.MercadoDoAlarme.Core\Nordware.AddOn.MercadoDoAlarme.Core.csproj", "{38683DF5-7D5C-48B7-B7CE-97A78AE7D8B2}"
EndProject
Project("{FAE04EC0-301F-11D3-BF4B-00C04F79EFBC}") = "Nordware.AddOn.MercadoDoAlarme", "Nordware.AddOn.MercadoDoAlarme\Nordware.AddOn.MercadoDoAlarme.csproj", "{477AB729-23DC-4471-9CCA-359646369C1B}"
EndProject
Project("{FAE04EC0-301F-11D3-BF4B-00C04F79EFBC}") = "SBO.Hub", "..\..\..\bringit.sap\SBO.Hub\SBO.Hub.csproj", "{B956D6A2-AF35-4116-840C-F4E5CEFD40F6}"
EndProject
Global
	GlobalSection(SolutionConfigurationPlatforms) = preSolution
		Debug|Any CPU = Debug|Any CPU
		Debug|x64 = Debug|x64
		Debug|x86 = Debug|x86
		Release|Any CPU = Release|Any CPU
		Release|x64 = Release|x64
		Release|x86 = Release|x86
	EndGlobalSection
	GlobalSection(ProjectConfigurationPlatforms) = postSolution
		{38683DF5-7D5C-48B7-B7CE-97A78AE7D8B2}.Debug|Any CPU.ActiveCfg = Debug|Any CPU
		{38683DF5-7D5C-48B7-B7CE-97A78AE7D8B2}.Debug|Any CPU.Build.0 = Debug|Any CPU
		{38683DF5-7D5C-48B7-B7CE-97A78AE7D8B2}.Debug|x64.ActiveCfg = Debug|x64
		{38683DF5-7D5C-48B7-B7CE-97A78AE7D8B2}.Debug|x64.Build.0 = Debug|x64
		{38683DF5-7D5C-48B7-B7CE-97A78AE7D8B2}.Debug|x86.ActiveCfg = Debug|x86
		{38683DF5-7D5C-48B7-B7CE-97A78AE7D8B2}.Debug|x86.Build.0 = Debug|x86
		{38683DF5-7D5C-48B7-B7CE-97A78AE7D8B2}.Release|Any CPU.ActiveCfg = Release|Any CPU
		{38683DF5-7D5C-48B7-B7CE-97A78AE7D8B2}.Release|Any CPU.Build.0 = Release|Any CPU
		{38683DF5-7D5C-48B7-B7CE-97A78AE7D8B2}.Release|x64.ActiveCfg = Release|x64
		{38683DF5-7D5C-48B7-B7CE-97A78AE7D8B2}.Release|x64.Build.0 = Release|x64
		{38683DF5-7D5C-48B7-B7CE-97A78AE7D8B2}.Release|x86.ActiveCfg = Release|Any CPU
		{38683DF5-7D5C-48B7-B7CE-97A78AE7D8B2}.Release|x86.Build.0 = Release|Any CPU
		{477AB729-23DC-4471-9CCA-359646369C1B}.Debug|Any CPU.ActiveCfg = Debug|x64
		{477AB729-23DC-4471-9CCA-359646369C1B}.Debug|Any CPU.Build.0 = Debug|x64
		{477AB729-23DC-4471-9CCA-359646369C1B}.Debug|x64.ActiveCfg = Debug|x64
		{477AB729-23DC-4471-9CCA-359646369C1B}.Debug|x64.Build.0 = Debug|x64
		{477AB729-23DC-4471-9CCA-359646369C1B}.Debug|x86.ActiveCfg = Debug|x86
		{477AB729-23DC-4471-9CCA-359646369C1B}.Debug|x86.Build.0 = Debug|x86
		{477AB729-23DC-4471-9CCA-359646369C1B}.Release|Any CPU.ActiveCfg = Release|Any CPU
		{477AB729-23DC-4471-9CCA-359646369C1B}.Release|Any CPU.Build.0 = Release|Any CPU
		{477AB729-23DC-4471-9CCA-359646369C1B}.Release|x64.ActiveCfg = Release|x64
		{477AB729-23DC-4471-9CCA-359646369C1B}.Release|x64.Build.0 = Release|x64
		{477AB729-23DC-4471-9CCA-359646369C1B}.Release|x86.ActiveCfg = Release|Any CPU
		{477AB729-23DC-4471-9CCA-359646369C1B}.Release|x86.Build.0 = Release|Any CPU
		{B956D6A2-AF35-4116-840C-F4E5CEFD40F6}.Debug|Any CPU.ActiveCfg = Debug|Any CPU
		{B956D6A2-AF35-4116-840C-F4E5CEFD40F6}.Debug|Any CPU.Build.0 = Debug|Any CPU
		{B956D6A2-AF35-4116-840C-F4E5CEFD40F6}.Debug|x64.ActiveCfg = Debug|x64
		{B956D6A2-AF35-4116-840C-F4E5CEFD40F6}.Debug|x64.Build.0 = Debug|x64
		{B956D6A2-AF35-4116-840C-F4E5CEFD40F6}.Debug|x86.ActiveCfg = Debug|x86
		{B956D6A2-AF35-4116-840C-F4E5CEFD40F6}.Debug|x86.Build.0 = Debug|x86
		{B956D6A2-AF35-4116-840C-F4E5CEFD40F6}.Release|Any CPU.ActiveCfg = Release|Any CPU
		{B956D6A2-AF35-4116-840C-F4E5CEFD40F6}.Release|Any CPU.Build.0 = Release|Any CPU
		{B956D6A2-AF35-4116-840C-F4E5CEFD40F6}.Release|x64.ActiveCfg = Release|x64
		{B956D6A2-AF35-4116-840C-F4E5CEFD40F6}.Release|x64.Build.0 = Release|x64
		{B956D6A2-AF35-4116-840C-F4E5CEFD40F6}.Release|x86.ActiveCfg = Release|x86
		{B956D6A2-AF35-4116-840C-F4E5CEFD40F6}.Release|x86.Build.0 = Release|x86
	EndGlobalSection
	GlobalSection(SolutionProperties) = preSolution
		HideSolutionNode = FALSE
	EndGlobalSection
	GlobalSection(ExtensibilityGlobals) = postSolution
		SolutionGuid = {C46FDAF9-2FE9-47D5-A204-560A166307F5}
	EndGlobalSection
EndGlobal
